# THIS IS AN AUTOGENERATED FILE. DO NOT EDIT THIS FILE DIRECTLY.
# yarn lockfile v1


bs-platform@^8.0.3:
  version "8.0.3"
  resolved "https://registry.yarnpkg.com/bs-platform/-/bs-platform-8.0.3.tgz#574e41ec04fee381d4c400dac547735368caa48f"
  integrity sha512-I7wulOPM0/NGamwm9CDh9rGjW1oIKltPwwEIOJrL8DBFRXI8OFSACtWGlpaoOw76Xpf+KcVokr00keS2NlzA3A==

gentype@^3.27.0:
  version "3.27.0"
  resolved "https://registry.yarnpkg.com/gentype/-/gentype-3.27.0.tgz#407aad74af94cf455bf471dedd32499aa27095ff"
  integrity sha512-bHZ6R+FHecYynjC4JPKpUo4nqVxNJZCfeGggGVDXmlgZY+JPfcI//fOB5llD2o+++Srl2xrflOdqyfqg0hlXPw==
