# THIS IS AN AUTOGENERATED FILE. DO NOT EDIT THIS FILE DIRECTLY.
# yarn lockfile v1


bs-platform@^8.2.0:
  version "8.2.0"
  resolved "https://registry.yarnpkg.com/bs-platform/-/bs-platform-8.2.0.tgz#f3f4c06d5710a4c782f0ed030b1fe11e74a0a6d7"
  integrity sha512-quvmUac/ZxGDsT7L5+6RNXrLPvLHkWFownacaqlwVoyAm770bPyupTRU49ALPGk3HpjfD5eE+lpGdOSPtuwJiA==

reason-promise@^1.1.1:
  version "1.1.1"
  resolved "https://registry.yarnpkg.com/reason-promise/-/reason-promise-1.1.1.tgz#966133fed21e748a50ffb8839a1da04912bcf380"
  integrity sha512-xMXDiyzTjn7t9pq9aQrkgu8CLB5DILU70oWQ+LI20YecshypUwsw37TKOvCxgoFR3vo30ucF0/iWe2BZ181/jw==
